// !$*UTF8*$!
{
	archiveVersion = 1;
	classes = {
	};
	objectVersion = 56;
	objects = {

/* Begin PBXBuildFile section */
		82BBC2F129C134EA000C2053 /* CSE335Project1Phase1App.swift in Sources */ = {isa = PBXBuildFile; fileRef = 82BBC2F029C134EA000C2053 /* CSE335Project1Phase1App.swift */; };
		82BBC2F329C134EA000C2053 /* loginScreen.swift in Sources */ = {isa = PBXBuildFile; fileRef = 82BBC2F229C134EA000C2053 /* loginScreen.swift */; };
		82BBC2F529C134EB000C2053 /* Assets.xcassets in Resources */ = {isa = PBXBuildFile; fileRef = 82BBC2F429C134EB000C2053 /* Assets.xcassets */; };
		82BBC2F829C134EB000C2053 /* Preview Assets.xcassets in Resources */ = {isa = PBXBuildFile; fileRef = 82BBC2F729C134EB000C2053 /* Preview Assets.xcassets */; };
		82BBC30229C134EB000C2053 /* CSE335Project1Phase1Tests.swift in Sources */ = {isa = PBXBuildFile; fileRef = 82BBC30129C134EB000C2053 /* CSE335Project1Phase1Tests.swift */; };
		82BBC30C29C134EB000C2053 /* CSE335Project1Phase1UITests.swift in Sources */ = {isa = PBXBuildFile; fileRef = 82BBC30B29C134EB000C2053 /* CSE335Project1Phase1UITests.swift */; };
		82BBC30E29C134EB000C2053 /* CSE335Project1Phase1UITestsLaunchTests.swift in Sources */ = {isa = PBXBuildFile; fileRef = 82BBC30D29C134EB000C2053 /* CSE335Project1Phase1UITestsLaunchTests.swift */; };
/* End PBXBuildFile section */

/* Begin PBXContainerItemProxy section */
		82BBC2FE29C134EB000C2053 /* PBXContainerItemProxy */ = {
			isa = PBXContainerItemProxy;
			containerPortal = 82BBC2E529C134EA000C2053 /* Project object */;
			proxyType = 1;
			remoteGlobalIDString = 82BBC2EC29C134EA000C2053;
			remoteInfo = CSE335Project1Phase1;
		};
		82BBC30829C134EB000C2053 /* PBXContainerItemProxy */ = {
			isa = PBXContainerItemProxy;
			containerPortal = 82BBC2E529C134EA000C2053 /* Project object */;
			proxyType = 1;
			remoteGlobalIDString = 82BBC2EC29C134EA000C2053;
			remoteInfo = CSE335Project1Phase1;
		};
/* End PBXContainerItemProxy section */

/* Begin PBXFileReference section */
		82BBC2ED29C134EA000C2053 /* CSE335Project1Phase1.app */ = {isa = PBXFileReference; explicitFileType = wrapper.application; includeInIndex = 0; path = CSE335Project1Phase1.app; sourceTree = BUILT_PRODUCTS_DIR; };
		82BBC2F029C134EA000C2053 /* CSE335Project1Phase1App.swift */ = {isa = PBXFileReference; lastKnownFileType = sourcecode.swift; path = CSE335Project1Phase1App.swift; sourceTree = "<group>"; };
		82BBC2F229C134EA000C2053 /* loginScreen.swift */ = {isa = PBXFileReference; lastKnownFileType = sourcecode.swift; path = loginScreen.swift; sourceTree = "<group>"; };
		82BBC2F429C134EB000C2053 /* Assets.xcassets */ = {isa = PBXFileReference; lastKnownFileType = folder.assetcatalog; path = Assets.xcassets; sourceTree = "<group>"; };
		82BBC2F729C134EB000C2053 /* Preview Assets.xcassets */ = {isa = PBXFileReference; lastKnownFileType = folder.assetcatalog; path = "Preview Assets.xcassets"; sourceTree = "<group>"; };
		82BBC2FD29C134EB000C2053 /* CSE335Project1Phase1Tests.xctest */ = {isa = PBXFileReference; explicitFileType = wrapper.cfbundle; includeInIndex = 0; path = CSE335Project1Phase1Tests.xctest; sourceTree = BUILT_PRODUCTS_DIR; };
		82BBC30129C134EB000C2053 /* CSE335Project1Phase1Tests.swift */ = {isa = PBXFileReference; lastKnownFileType = sourcecode.swift; path = CSE335Project1Phase1Tests.swift; sourceTree = "<group>"; };
		82BBC30729C134EB000C2053 /* CSE335Project1Phase1UITests.xctest */ = {isa = PBXFileReference; explicitFileType = wrapper.cfbundle; includeInIndex = 0; path = CSE335Project1Phase1UITests.xctest; sourceTree = BUILT_PRODUCTS_DIR; };
		82BBC30B29C134EB000C2053 /* CSE335Project1Phase1UITests.swift */ = {isa = PBXFileReference; lastKnownFileType = sourcecode.swift; path = CSE335Project1Phase1UITests.swift; sourceTree = "<group>"; };
		82BBC30D29C134EB000C2053 /* CSE335Project1Phase1UITestsLaunchTests.swift */ = {isa = PBXFileReference; lastKnownFileType = sourcecode.swift; path = CSE335Project1Phase1UITestsLaunchTests.swift; sourceTree = "<group>"; };
/* End PBXFileReference section */

/* Begin PBXFrameworksBuildPhase section */
		82BBC2EA29C134EA000C2053 /* Frameworks */ = {
			isa = PBXFrameworksBuildPhase;
			buildActionMask = 2147483647;
			files = (
			);
			runOnlyForDeploymentPostprocessing = 0;
		};
		82BBC2FA29C134EB000C2053 /* Frameworks */ = {
			isa = PBXFrameworksBuildPhase;
			buildActionMask = 2147483647;
			files = (
			);
			runOnlyForDeploymentPostprocessing = 0;
		};
		82BBC30429C134EB000C2053 /* Frameworks */ = {
			isa = PBXFrameworksBuildPhase;
			buildActionMask = 2147483647;
			files = (
			);
			runOnlyForDeploymentPostprocessing = 0;
		};
/* End PBXFrameworksBuildPhase section */

/* Begin PBXGroup section */
		82BBC2E429C134EA000C2053 = {
			isa = PBXGroup;
			children = (
				82BBC2EF29C134EA000C2053 /* CSE335Project1Phase1 */,
				82BBC30029C134EB000C2053 /* CSE335Project1Phase1Tests */,
				82BBC30A29C134EB000C2053 /* CSE335Project1Phase1UITests */,
				82BBC2EE29C134EA000C2053 /* Products */,
			);
			sourceTree = "<group>";
		};
		82BBC2EE29C134EA000C2053 /* Products */ = {
			isa = PBXGroup;
			children = (
				82BBC2ED29C134EA000C2053 /* CSE335Project1Phase1.app */,
				82BBC2FD29C134EB000C2053 /* CSE335Project1Phase1Tests.xctest */,
				82BBC30729C134EB000C2053 /* CSE335Project1Phase1UITests.xctest */,
			);
			name = Products;
			sourceTree = "<group>";
		};
		82BBC2EF29C134EA000C2053 /* CSE335Project1Phase1 */ = {
			isa = PBXGroup;
			children = (
				82BBC2F029C134EA000C2053 /* CSE335Project1Phase1App.swift */,
				82BBC2F229C134EA000C2053 /* loginScreen.swift */,
				82BBC2F429C134EB000C2053 /* Assets.xcassets */,
				82BBC2F629C134EB000C2053 /* Preview Content */,
			);
			path = CSE335Project1Phase1;
			sourceTree = "<group>";
		};
		82BBC2F629C134EB000C2053 /* Preview Content */ = {
			isa = PBXGroup;
			children = (
				82BBC2F729C134EB000C2053 /* Preview Assets.xcassets */,
			);
			path = "Preview Content";
			sourceTree = "<group>";
		};
		82BBC30029C134EB000C2053 /* CSE335Project1Phase1Tests */ = {
			isa = PBXGroup;
			children = (
				82BBC30129C134EB000C2053 /* CSE335Project1Phase1Tests.swift */,
			);
			path = CSE335Project1Phase1Tests;
			sourceTree = "<group>";
		};
		82BBC30A29C134EB000C2053 /* CSE335Project1Phase1UITests */ = {
			isa = PBXGroup;
			children = (
				82BBC30B29C134EB000C2053 /* CSE335Project1Phase1UITests.swift */,
				82BBC30D29C134EB000C2053 /* CSE335Project1Phase1UITestsLaunchTests.swift */,
			);
			path = CSE335Project1Phase1UITests;
			sourceTree = "<group>";
		};
/* End PBXGroup section */

/* Begin PBXNativeTarget section */
		82BBC2EC29C134EA000C2053 /* CSE335Project1Phase1 */ = {
			isa = PBXNativeTarget;
			buildConfigurationList = 82BBC31129C134EB000C2053 /* Build configuration list for PBXNativeTarget "CSE335Project1Phase1" */;
			buildPhases = (
				82BBC2E929C134EA000C2053 /* Sources */,
				82BBC2EA29C134EA000C2053 /* Frameworks */,
				82BBC2EB29C134EA000C2053 /* Resources */,
			);
			buildRules = (
			);
			dependencies = (
			);
			name = CSE335Project1Phase1;
			productName = CSE335Project1Phase1;
			productReference = 82BBC2ED29C134EA000C2053 /* CSE335Project1Phase1.app */;
			productType = "com.apple.product-type.application";
		};
		82BBC2FC29C134EB000C2053 /* CSE335Project1Phase1Tests */ = {
			isa = PBXNativeTarget;
			buildConfigurationList = 82BBC31429C134EB000C2053 /* Build configuration list for PBXNativeTarget "CSE335Project1Phase1Tests" */;
			buildPhases = (
				82BBC2F929C134EB000C2053 /* Sources */,
				82BBC2FA29C134EB000C2053 /* Frameworks */,
				82BBC2FB29C134EB000C2053 /* Resources */,
			);
			buildRules = (
			);
			dependencies = (
				82BBC2FF29C134EB000C2053 /* PBXTargetDependency */,
			);
			name = CSE335Project1Phase1Tests;
			productName = CSE335Project1Phase1Tests;
			productReference = 82BBC2FD29C134EB000C2053 /* CSE335Project1Phase1Tests.xctest */;
			productType = "com.apple.product-type.bundle.unit-test";
		};
		82BBC30629C134EB000C2053 /* CSE335Project1Phase1UITests */ = {
			isa = PBXNativeTarget;
			buildConfigurationList = 82BBC31729C134EB000C2053 /* Build configuration list for PBXNativeTarget "CSE335Project1Phase1UITests" */;
			buildPhases = (
				82BBC30329C134EB000C2053 /* Sources */,
				82BBC30429C134EB000C2053 /* Frameworks */,
				82BBC30529C134EB000C2053 /* Resources */,
			);
			buildRules = (
			);
			dependencies = (
				82BBC30929C134EB000C2053 /* PBXTargetDependency */,
			);
			name = CSE335Project1Phase1UITests;
			productName = CSE335Project1Phase1UITests;
			productReference = 82BBC30729C134EB000C2053 /* CSE335Project1Phase1UITests.xctest */;
			productType = "com.apple.product-type.bundle.ui-testing";
		};
/* End PBXNativeTarget section */

/* Begin PBXProject section */
		82BBC2E529C134EA000C2053 /* Project object */ = {
			isa = PBXProject;
			attributes = {
				BuildIndependentTargetsInParallel = 1;
				LastSwiftUpdateCheck = 1420;
				LastUpgradeCheck = 1420;
				TargetAttributes = {
					82BBC2EC29C134EA000C2053 = {
						CreatedOnToolsVersion = 14.2;
					};
					82BBC2FC29C134EB000C2053 = {
						CreatedOnToolsVersion = 14.2;
						TestTargetID = 82BBC2EC29C134EA000C2053;
					};
					82BBC30629C134EB000C2053 = {
						CreatedOnToolsVersion = 14.2;
						TestTargetID = 82BBC2EC29C134EA000C2053;
					};
				};
			};
			buildConfigurationList = 82BBC2E829C134EA000C2053 /* Build configuration list for PBXProject "CSE335Project1Phase1" */;
			compatibilityVersion = "Xcode 14.0";
			developmentRegion = en;
			hasScannedForEncodings = 0;
			knownRegions = (
				en,
				Base,
			);
			mainGroup = 82BBC2E429C134EA000C2053;
			productRefGroup = 82BBC2EE29C134EA000C2053 /* Products */;
			projectDirPath = "";
			projectRoot = "";
			targets = (
				82BBC2EC29C134EA000C2053 /* CSE335Project1Phase1 */,
				82BBC2FC29C134EB000C2053 /* CSE335Project1Phase1Tests */,
				82BBC30629C134EB000C2053 /* CSE335Project1Phase1UITests */,
			);
		};
/* End PBXProject section */

/* Begin PBXResourcesBuildPhase section */
		82BBC2EB29C134EA000C2053 /* Resources */ = {
			isa = PBXResourcesBuildPhase;
			buildActionMask = 2147483647;
			files = (
				82BBC2F829C134EB000C2053 /* Preview Assets.xcassets in Resources */,
				82BBC2F529C134EB000C2053 /* Assets.xcassets in Resources */,
			);
			runOnlyForDeploymentPostprocessing = 0;
		};
		82BBC2FB29C134EB000C2053 /* Resources */ = {
			isa = PBXResourcesBuildPhase;
			buildActionMask = 2147483647;
			files = (
			);
			runOnlyForDeploymentPostprocessing = 0;
		};
		82BBC30529C134EB000C2053 /* Resources */ = {
			isa = PBXResourcesBuildPhase;
			buildActionMask = 2147483647;
			files = (
			);
			runOnlyForDeploymentPostprocessing = 0;
		};
/* End PBXResourcesBuildPhase section */

/* Begin PBXSourcesBuildPhase section */
		82BBC2E929C134EA000C2053 /* Sources */ = {
			isa = PBXSourcesBuildPhase;
			buildActionMask = 2147483647;
			files = (
				82BBC2F329C134EA000C2053 /* loginScreen.swift in Sources */,
				82BBC2F129C134EA000C2053 /* CSE335Project1Phase1App.swift in Sources */,
			);
			runOnlyForDeploymentPostprocessing = 0;
		};
		82BBC2F929C134EB000C2053 /* Sources */ = {
			isa = PBXSourcesBuildPhase;
			buildActionMask = 2147483647;
			files = (
				82BBC30229C134EB000C2053 /* CSE335Project1Phase1Tests.swift in Sources */,
			);
			runOnlyForDeploymentPostprocessing = 0;
		};
		82BBC30329C134EB000C2053 /* Sources */ = {
			isa = PBXSourcesBuildPhase;
			buildActionMask = 2147483647;
			files = (
				82BBC30E29C134EB000C2053 /* CSE335Project1Phase1UITestsLaunchTests.swift in Sources */,
				82BBC30C29C134EB000C2053 /* CSE335Project1Phase1UITests.swift in Sources */,
			);
			runOnlyForDeploymentPostprocessing = 0;
		};
/* End PBXSourcesBuildPhase section */

/* Begin PBXTargetDependency section */
		82BBC2FF29C134EB000C2053 /* PBXTargetDependency */ = {
			isa = PBXTargetDependency;
			target = 82BBC2EC29C134EA000C2053 /* CSE335Project1Phase1 */;
			targetProxy = 82BBC2FE29C134EB000C2053 /* PBXContainerItemProxy */;
		};
		82BBC30929C134EB000C2053 /* PBXTargetDependency */ = {
			isa = PBXTargetDependency;
			target = 82BBC2EC29C134EA000C2053 /* CSE335Project1Phase1 */;
			targetProxy = 82BBC30829C134EB000C2053 /* PBXContainerItemProxy */;
		};
/* End PBXTargetDependency section */

/* Begin XCBuildConfiguration section */
		82BBC30F29C134EB000C2053 /* Debug */ = {
			isa = XCBuildConfiguration;
			buildSettings = {
				ALWAYS_SEARCH_USER_PATHS = NO;
				CLANG_ANALYZER_NONNULL = YES;
				CLANG_ANALYZER_NUMBER_OBJECT_CONVERSION = YES_AGGRESSIVE;
				CLANG_CXX_LANGUAGE_STANDARD = "gnu++20";
				CLANG_ENABLE_MODULES = YES;
				CLANG_ENABLE_OBJC_ARC = YES;
				CLANG_ENABLE_OBJC_WEAK = YES;
				CLANG_WARN_BLOCK_CAPTURE_AUTORELEASING = YES;
				CLANG_WARN_BOOL_CONVERSION = YES;
				CLANG_WARN_COMMA = YES;
				CLANG_WARN_CONSTANT_CONVERSION = YES;
				CLANG_WARN_DEPRECATED_OBJC_IMPLEMENTATIONS = YES;
				CLANG_WARN_DIRECT_OBJC_ISA_USAGE = YES_ERROR;
				CLANG_WARN_DOCUMENTATION_COMMENTS = YES;
				CLANG_WARN_EMPTY_BODY = YES;
				CLANG_WARN_ENUM_CONVERSION = YES;
				CLANG_WARN_INFINITE_RECURSION = YES;
				CLANG_WARN_INT_CONVERSION = YES;
				CLANG_WARN_NON_LITERAL_NULL_CONVERSION = YES;
				CLANG_WARN_OBJC_IMPLICIT_RETAIN_SELF = YES;
				CLANG_WARN_OBJC_LITERAL_CONVERSION = YES;
				CLANG_WARN_OBJC_ROOT_CLASS = YES_ERROR;
				CLANG_WARN_QUOTED_INCLUDE_IN_FRAMEWORK_HEADER = YES;
				CLANG_WARN_RANGE_LOOP_ANALYSIS = YES;
				CLANG_WARN_STRICT_PROTOTYPES = YES;
				CLANG_WARN_SUSPICIOUS_MOVE = YES;
				CLANG_WARN_UNGUARDED_AVAILABILITY = YES_AGGRESSIVE;
				CLANG_WARN_UNREACHABLE_CODE = YES;
				CLANG_WARN__DUPLICATE_METHOD_MATCH = YES;
				COPY_PHASE_STRIP = NO;
				DEBUG_INFORMATION_FORMAT = dwarf;
				ENABLE_STRICT_OBJC_MSGSEND = YES;
				ENABLE_TESTABILITY = YES;
				GCC_C_LANGUAGE_STANDARD = gnu11;
				GCC_DYNAMIC_NO_PIC = NO;
				GCC_NO_COMMON_BLOCKS = YES;
				GCC_OPTIMIZATION_LEVEL = 0;
				GCC_PREPROCESSOR_DEFINITIONS = (
					"DEBUG=1",
					"$(inherited)",
				);
				GCC_WARN_64_TO_32_BIT_CONVERSION = YES;
				GCC_WARN_ABOUT_RETURN_TYPE = YES_ERROR;
				GCC_WARN_UNDECLARED_SELECTOR = YES;
				GCC_WARN_UNINITIALIZED_AUTOS = YES_AGGRESSIVE;
				GCC_WARN_UNUSED_FUNCTION = YES;
				GCC_WARN_UNUSED_VARIABLE = YES;
				IPHONEOS_DEPLOYMENT_TARGET = 16.2;
				MTL_ENABLE_DEBUG_INFO = INCLUDE_SOURCE;
				MTL_FAST_MATH = YES;
				ONLY_ACTIVE_ARCH = YES;
				SDKROOT = iphoneos;
				SWIFT_ACTIVE_COMPILATION_CONDITIONS = DEBUG;
				SWIFT_OPTIMIZATION_LEVEL = "-Onone";
			};
			name = Debug;
		};
		82BBC31029C134EB000C2053 /* Release */ = {
			isa = XCBuildConfiguration;
			buildSettings = {
				ALWAYS_SEARCH_USER_PATHS = NO;
				CLANG_ANALYZER_NONNULL = YES;
				CLANG_ANALYZER_NUMBER_OBJECT_CONVERSION = YES_AGGRESSIVE;
				CLANG_CXX_LANGUAGE_STANDARD = "gnu++20";
				CLANG_ENABLE_MODULES = YES;
				CLANG_ENABLE_OBJC_ARC = YES;
				CLANG_ENABLE_OBJC_WEAK = YES;
				CLANG_WARN_BLOCK_CAPTURE_AUTORELEASING = YES;
				CLANG_WARN_BOOL_CONVERSION = YES;
				CLANG_WARN_COMMA = YES;
				CLANG_WARN_CONSTANT_CONVERSION = YES;
				CLANG_WARN_DEPRECATED_OBJC_IMPLEMENTATIONS = YES;
				CLANG_WARN_DIRECT_OBJC_ISA_USAGE = YES_ERROR;
				CLANG_WARN_DOCUMENTATION_COMMENTS = YES;
				CLANG_WARN_EMPTY_BODY = YES;
				CLANG_WARN_ENUM_CONVERSION = YES;
				CLANG_WARN_INFINITE_RECURSION = YES;
				CLANG_WARN_INT_CONVERSION = YES;
				CLANG_WARN_NON_LITERAL_NULL_CONVERSION = YES;
				CLANG_WARN_OBJC_IMPLICIT_RETAIN_SELF = YES;
				CLANG_WARN_OBJC_LITERAL_CONVERSION = YES;
				CLANG_WARN_OBJC_ROOT_CLASS = YES_ERROR;
				CLANG_WARN_QUOTED_INCLUDE_IN_FRAMEWORK_HEADER = YES;
				CLANG_WARN_RANGE_LOOP_ANALYSIS = YES;
				CLANG_WARN_STRICT_PROTOTYPES = YES;
				CLANG_WARN_SUSPICIOUS_MOVE = YES;
				CLANG_WARN_UNGUARDED_AVAILABILITY = YES_AGGRESSIVE;
				CLANG_WARN_UNREACHABLE_CODE = YES;
				CLANG_WARN__DUPLICATE_METHOD_MATCH = YES;
				COPY_PHASE_STRIP = NO;
				DEBUG_INFORMATION_FORMAT = "dwarf-with-dsym";
				ENABLE_NS_ASSERTIONS = NO;
				ENABLE_STRICT_OBJC_MSGSEND = YES;
				GCC_C_LANGUAGE_STANDARD = gnu11;
				GCC_NO_COMMON_BLOCKS = YES;
				GCC_WARN_64_TO_32_BIT_CONVERSION = YES;
				GCC_WARN_ABOUT_RETURN_TYPE = YES_ERROR;
				GCC_WARN_UNDECLARED_SELECTOR = YES;
				GCC_WARN_UNINITIALIZED_AUTOS = YES_AGGRESSIVE;
				GCC_WARN_UNUSED_FUNCTION = YES;
				GCC_WARN_UNUSED_VARIABLE = YES;
				IPHONEOS_DEPLOYMENT_TARGET = 16.2;
				MTL_ENABLE_DEBUG_INFO = NO;
				MTL_FAST_MATH = YES;
				SDKROOT = iphoneos;
				SWIFT_COMPILATION_MODE = wholemodule;
				SWIFT_OPTIMIZATION_LEVEL = "-O";
				VALIDATE_PRODUCT = YES;
			};
			name = Release;
		};
		82BBC31229C134EB000C2053 /* Debug */ = {
			isa = XCBuildConfiguration;
			buildSettings = {
				ASSETCATALOG_COMPILER_APPICON_NAME = AppIcon;
				ASSETCATALOG_COMPILER_GLOBAL_ACCENT_COLOR_NAME = AccentColor;
				CODE_SIGN_STYLE = Automatic;
				CURRENT_PROJECT_VERSION = 1;
				DEVELOPMENT_ASSET_PATHS = "\"CSE335Project1Phase1/Preview Content\"";
				ENABLE_PREVIEWS = YES;
				GENERATE_INFOPLIST_FILE = YES;
				INFOPLIST_KEY_UIApplicationSceneManifest_Generation = YES;
				INFOPLIST_KEY_UIApplicationSupportsIndirectInputEvents = YES;
				INFOPLIST_KEY_UILaunchScreen_Generation = YES;
				INFOPLIST_KEY_UISupportedInterfaceOrientations_iPad = "UIInterfaceOrientationPortrait UIInterfaceOrientationPortraitUpsideDown UIInterfaceOrientationLandscapeLeft UIInterfaceOrientationLandscapeRight";
				INFOPLIST_KEY_UISupportedInterfaceOrientations_iPhone = "UIInterfaceOrientationPortrait UIInterfaceOrientationLandscapeLeft UIInterfaceOrientationLandscapeRight";
				LD_RUNPATH_SEARCH_PATHS = (
					"$(inherited)",
					"@executable_path/Frameworks",
				);
				MARKETING_VERSION = 1.0;
				PRODUCT_BUNDLE_IDENTIFIER = "Arjun-Dadhwal-ID-1219733788.CSE335Project1Phase1";
				PRODUCT_NAME = "$(TARGET_NAME)";
				SWIFT_EMIT_LOC_STRINGS = YES;
				SWIFT_VERSION = 5.0;
				TARGETED_DEVICE_FAMILY = "1,2";
			};
			name = Debug;
		};
		82BBC31329C134EB000C2053 /* Release */ = {
			isa = XCBuildConfiguration;
			buildSettings = {
				ASSETCATALOG_COMPILER_APPICON_NAME = AppIcon;
				ASSETCATALOG_COMPILER_GLOBAL_ACCENT_COLOR_NAME = AccentColor;
				CODE_SIGN_STYLE = Automatic;
				CURRENT_PROJECT_VERSION = 1;
				DEVELOPMENT_ASSET_PATHS = "\"CSE335Project1Phase1/Preview Content\"";
				ENABLE_PREVIEWS = YES;
				GENERATE_INFOPLIST_FILE = YES;
				INFOPLIST_KEY_UIApplicationSceneManifest_Generation = YES;
				INFOPLIST_KEY_UIApplicationSupportsIndirectInputEvents = YES;
				INFOPLIST_KEY_UILaunchScreen_Generation = YES;
				INFOPLIST_KEY_UISupportedInterfaceOrientations_iPad = "UIInterfaceOrientationPortrait UIInterfaceOrientationPortraitUpsideDown UIInterfaceOrientationLandscapeLeft UIInterfaceOrientationLandscapeRight";
				INFOPLIST_KEY_UISupportedInterfaceOrientations_iPhone = "UIInterfaceOrientationPortrait UIInterfaceOrientationLandscapeLeft UIInterfaceOrientationLandscapeRight";
				LD_RUNPATH_SEARCH_PATHS = (
					"$(inherited)",
					"@executable_path/Frameworks",
				);
				MARKETING_VERSION = 1.0;
				PRODUCT_BUNDLE_IDENTIFIER = "Arjun-Dadhwal-ID-1219733788.CSE335Project1Phase1";
				PRODUCT_NAME = "$(TARGET_NAME)";
				SWIFT_EMIT_LOC_STRINGS = YES;
				SWIFT_VERSION = 5.0;
				TARGETED_DEVICE_FAMILY = "1,2";
			};
			name = Release;
		};
		82BBC31529C134EB000C2053 /* Debug */ = {
			isa = XCBuildConfiguration;
			buildSettings = {
				ALWAYS_EMBED_SWIFT_STANDARD_LIBRARIES = YES;
				BUNDLE_LOADER = "$(TEST_HOST)";
				CODE_SIGN_STYLE = Automatic;
				CURRENT_PROJECT_VERSION = 1;
				GENERATE_INFOPLIST_FILE = YES;
				IPHONEOS_DEPLOYMENT_TARGET = 16.2;
				MARKETING_VERSION = 1.0;
				PRODUCT_BUNDLE_IDENTIFIER = "Arjun-Dadhwal-ID-1219733788.CSE335Project1Phase1Tests";
				PRODUCT_NAME = "$(TARGET_NAME)";
				SWIFT_EMIT_LOC_STRINGS = NO;
				SWIFT_VERSION = 5.0;
				TARGETED_DEVICE_FAMILY = "1,2";
				TEST_HOST = "$(BUILT_PRODUCTS_DIR)/CSE335Project1Phase1.app/$(BUNDLE_EXECUTABLE_FOLDER_PATH)/CSE335Project1Phase1";
			};
			name = Debug;
		};
		82BBC31629C134EB000C2053 /* Release */ = {
			isa = XCBuildConfiguration;
			buildSettings = {
				ALWAYS_EMBED_SWIFT_STANDARD_LIBRARIES = YES;
				BUNDLE_LOADER = "$(TEST_HOST)";
				CODE_SIGN_STYLE = Automatic;
				CURRENT_PROJECT_VERSION = 1;
				GENERATE_INFOPLIST_FILE = YES;
				IPHONEOS_DEPLOYMENT_TARGET = 16.2;
				MARKETING_VERSION = 1.0;
				PRODUCT_BUNDLE_IDENTIFIER = "Arjun-Dadhwal-ID-1219733788.CSE335Project1Phase1Tests";
				PRODUCT_NAME = "$(TARGET_NAME)";
				SWIFT_EMIT_LOC_STRINGS = NO;
				SWIFT_VERSION = 5.0;
				TARGETED_DEVICE_FAMILY = "1,2";
				TEST_HOST = "$(BUILT_PRODUCTS_DIR)/CSE335Project1Phase1.app/$(BUNDLE_EXECUTABLE_FOLDER_PATH)/CSE335Project1Phase1";
			};
			name = Release;
		};
		82BBC31829C134EB000C2053 /* Debug */ = {
			isa = XCBuildConfiguration;
			buildSettings = {
				ALWAYS_EMBED_SWIFT_STANDARD_LIBRARIES = YES;
				CODE_SIGN_STYLE = Automatic;
				CURRENT_PROJECT_VERSION = 1;
				GENERATE_INFOPLIST_FILE = YES;
				MARKETING_VERSION = 1.0;
				PRODUCT_BUNDLE_IDENTIFIER = "Arjun-Dadhwal-ID-1219733788.CSE335Project1Phase1UITests";
				PRODUCT_NAME = "$(TARGET_NAME)";
				SWIFT_EMIT_LOC_STRINGS = NO;
				SWIFT_VERSION = 5.0;
				TARGETED_DEVICE_FAMILY = "1,2";
				TEST_TARGET_NAME = CSE335Project1Phase1;
			};
			name = Debug;
		};
		82BBC31929C134EB000C2053 /* Release */ = {
			isa = XCBuildConfiguration;
			buildSettings = {
				ALWAYS_EMBED_SWIFT_STANDARD_LIBRARIES = YES;
				CODE_SIGN_STYLE = Automatic;
				CURRENT_PROJECT_VERSION = 1;
				GENERATE_INFOPLIST_FILE = YES;
				MARKETING_VERSION = 1.0;
				PRODUCT_BUNDLE_IDENTIFIER = "Arjun-Dadhwal-ID-1219733788.CSE335Project1Phase1UITests";
				PRODUCT_NAME = "$(TARGET_NAME)";
				SWIFT_EMIT_LOC_STRINGS = NO;
				SWIFT_VERSION = 5.0;
				TARGETED_DEVICE_FAMILY = "1,2";
				TEST_TARGET_NAME = CSE335Project1Phase1;
			};
			name = Release;
		};
/* End XCBuildConfiguration section */

/* Begin XCConfigurationList section */
		82BBC2E829C134EA000C2053 /* Build configuration list for PBXProject "CSE335Project1Phase1" */ = {
			isa = XCConfigurationList;
			buildConfigurations = (
				82BBC30F29C134EB000C2053 /* Debug */,
				82BBC31029C134EB000C2053 /* Release */,
			);
			defaultConfigurationIsVisible = 0;
			defaultConfigurationName = Release;
		};
		82BBC31129C134EB000C2053 /* Build configuration list for PBXNativeTarget "CSE335Project1Phase1" */ = {
			isa = XCConfigurationList;
			buildConfigurations = (
				82BBC31229C134EB000C2053 /* Debug */,
				82BBC31329C134EB000C2053 /* Release */,
			);
			defaultConfigurationIsVisible = 0;
			defaultConfigurationName = Release;
		};
		82BBC31429C134EB000C2053 /* Build configuration list for PBXNativeTarget "CSE335Project1Phase1Tests" */ = {
			isa = XCConfigurationList;
			buildConfigurations = (
				82BBC31529C134EB000C2053 /* Debug */,
				82BBC31629C134EB000C2053 /* Release */,
			);
			defaultConfigurationIsVisible = 0;
			defaultConfigurationName = Release;
		};
		82BBC31729C134EB000C2053 /* Build configuration list for PBXNativeTarget "CSE335Project1Phase1UITests" */ = {
			isa = XCConfigurationList;
			buildConfigurations = (
				82BBC31829C134EB000C2053 /* Debug */,
				82BBC31929C134EB000C2053 /* Release */,
			);
			defaultConfigurationIsVisible = 0;
			defaultConfigurationName = Release;
		};
/* End XCConfigurationList section */
	};
	rootObject = 82BBC2E529C134EA000C2053 /* Project object */;
}
